<?xml version="1.0" encoding="utf-8"?>
<Project ToolsVersion="4.0" xmlns="http://schemas.microsoft.com/developer/msbuild/2003">
  <ItemGroup>
    <ClCompile Include="src\app.cpp" />
    <ClCompile Include="src\board.cpp" />
    <ClCompile Include="src\coordinate.cpp" />
    <ClCompile Include="src\game_app.cpp" />
    <ClCompile Include="src\gl_utils.cpp" />
    <ClCompile Include="src\image_loader.cpp" />
    <ClCompile Include="src\main.cpp" />
    <ClCompile Include="src\main_window.cpp" />
    <ClCompile Include="src\numeric_utils.cpp" />
    <ClCompile Include="src\piece.cpp" />
    <ClCompile Include="src\sp_string.cpp" />
    <ClCompile Include="src\vertex_buffer.cpp" />
    <ClCompile Include="src\index_buffer.cpp" />
    <ClCompile Include="src\vertex_array.cpp" />
    <ClCompile Include="src\vertex_buffer_layout.cpp" />
    <ClCompile Include="src\shader.cpp" />
    <ClCompile Include="src\renderer.cpp" />
  </ItemGroup>
  <ItemGroup>
    <ClInclude Include="include\app.h" />
    <ClInclude Include="include\board.h" />
    <ClInclude Include="include\coordinate.h" />
    <ClInclude Include="include\game_app.h" />
    <ClInclude Include="include\gl_utils.h" />
    <ClInclude Include="include\hash_utl.h" />
    <ClInclude Include="include\image_loader.h" />
    <ClInclude Include="include\log.h" />
    <ClInclude Include="include\main_window.h" />
    <ClInclude Include="include\numeric_utils.h" />
    <ClInclude Include="include\piece.h" />
    <ClInclude Include="include\player.h" />
    <ClInclude Include="include\sp_string.h" />
    <ClInclude Include="include\vertex_buffer.h" />
    <ClInclude Include="include\index_buffer.h" />
    <ClInclude Include="include\vertex_array.h" />
    <ClInclude Include="include\vertex_buffer_layout.h" />
    <ClInclude Include="include\shader.h" />
    <ClInclude Include="include\renderer.h" />
  </ItemGroup>
</Project>